{
  "originHash" : "2f222b66b7291b8d7193df078dd2561382a38dd4564f39a7d397432e1f462ea9",
  "pins" : [
    {
      "identity" : "alamofire",
      "kind" : "remoteSourceControl",
      "location" : "https://github.com/Alamofire/Alamofire.git",
      "state" : {
        "revision" : "7595cbcf59809f9977c5f6378500de2ad73b7ddb",
        "version" : "5.12.0"
      }
    },
    {
      "identity" : "kakao-ios-sdk",
      "kind" : "remoteSourceControl",
      "location" : "https://github.com/kakao/kakao-ios-sdk.git",
      "state" : {
        "revision" : "8627646b7430bcadc5a2f726b21ea25db70cd189",
        "version" : "2.29.0"
      }
    }
  ],
  "version" : 3
}
